
Microsoft Visual Studio Solution File, Format Version 12.00
# Visual Studio Version 17
VisualStudioVersion = 17.5.002.0
MinimumVisualStudioVersion = 10.0.40219.1
Project("{9A19103F-16F7-4668-BE54-9A1E7A4F7556}") = "Filhantering", "Filhantering.csproj", "{B4D91E7D-0471-4E78-BC68-F0AB93BB3E82}"
EndProject
Global
	GlobalSection(SolutionConfigurationPlatforms) = preSolution
		Debug|Any CPU = Debug|Any CPU
		Release|Any CPU = Release|Any CPU
	EndGlobalSection
	GlobalSection(ProjectConfigurationPlatforms) = postSolution
		{B4D91E7D-0471-4E78-BC68-F0AB93BB3E82}.Debug|Any CPU.ActiveCfg = Debug|Any CPU
		{B4D91E7D-0471-4E78-BC68-F0AB93BB3E82}.Debug|Any CPU.Build.0 = Debug|Any CPU
		{B4D91E7D-0471-4E78-BC68-F0AB93BB3E82}.Release|Any CPU.ActiveCfg = Release|Any CPU
		{B4D91E7D-0471-4E78-BC68-F0AB93BB3E82}.Release|Any CPU.Build.0 = Release|Any CPU
	EndGlobalSection
	GlobalSection(SolutionProperties) = preSolution
		HideSolutionNode = FALSE
	EndGlobalSection
	GlobalSection(ExtensibilityGlobals) = postSolution
		SolutionGuid = {934112E2-7ACE-49E5-A925-15FBC3752614}
	EndGlobalSection
EndGlobal
